
Microsoft Visual Studio Solution File, Format Version 12.00
# Visual Studio Version 16
VisualStudioVersion = 16.0.30114.105
MinimumVisualStudioVersion = 10.0.40219.1
Project("{2150E333-8FDC-42A3-9474-1A3956D46DE8}") = "Services", "Services", "{4502DA90-AF70-4EEB-A470-654AD0D8997D}"
EndProject
Project("{E53339B2-1760-4266-BCC7-CA923CBCF16C}") = "docker-compose", "docker-compose.dcproj", "{F462C57E-6846-4FDC-80B9-1B47780BA39D}"
EndProject
Project("{2150E333-8FDC-42A3-9474-1A3956D46DE8}") = "ProjectItems", "ProjectItems", "{21DF0010-47ED-4711-826B-AC39A6A962C0}"
	ProjectSection(SolutionItems) = preProject
		.gitignore = .gitignore
		README.md = README.md
	EndProjectSection
EndProject
Project("{2150E333-8FDC-42A3-9474-1A3956D46DE8}") = "Likr.Posts", "Likr.Posts", "{2223BBEF-652A-4DB7-B972-4003B9EC58E6}"
EndProject
Project("{9A19103F-16F7-4668-BE54-9A1E7A4F7556}") = "Likr.Posts", "src\Services\Likr.Posts\Likr.Posts\Likr.Posts.csproj", "{38B8D2B3-BC25-490A-9E36-C30191C93681}"
EndProject
Project("{2150E333-8FDC-42A3-9474-1A3956D46DE8}") = "Likr.Comments", "Likr.Comments", "{E5209067-A8D9-4BF0-A53C-D4AC378E50AE}"
EndProject
Project("{9A19103F-16F7-4668-BE54-9A1E7A4F7556}") = "Likr.Comments", "src\Services\Likr.Comments\Likr.Comments\Likr.Comments.csproj", "{5466C787-C8D6-4580-BF6C-F3EDFC475FD8}"
EndProject
Project("{2150E333-8FDC-42A3-9474-1A3956D46DE8}") = "Likr.Likes", "Likr.Likes", "{BEE55C9A-5DAF-4277-BE20-E440F9CCE841}"
EndProject
Project("{9A19103F-16F7-4668-BE54-9A1E7A4F7556}") = "Likr.Likes", "src\Services\Likr.Likes\Likr.Likes\Likr.Likes.csproj", "{1C2D5B26-E08A-407C-A025-71DD15F0A452}"
EndProject
Global
	GlobalSection(SolutionConfigurationPlatforms) = preSolution
		Debug|Any CPU = Debug|Any CPU
		Release|Any CPU = Release|Any CPU
	EndGlobalSection
	GlobalSection(ProjectConfigurationPlatforms) = postSolution
		{F462C57E-6846-4FDC-80B9-1B47780BA39D}.Debug|Any CPU.ActiveCfg = Debug|Any CPU
		{F462C57E-6846-4FDC-80B9-1B47780BA39D}.Debug|Any CPU.Build.0 = Debug|Any CPU
		{F462C57E-6846-4FDC-80B9-1B47780BA39D}.Release|Any CPU.ActiveCfg = Release|Any CPU
		{F462C57E-6846-4FDC-80B9-1B47780BA39D}.Release|Any CPU.Build.0 = Release|Any CPU
		{38B8D2B3-BC25-490A-9E36-C30191C93681}.Debug|Any CPU.ActiveCfg = Debug|Any CPU
		{38B8D2B3-BC25-490A-9E36-C30191C93681}.Debug|Any CPU.Build.0 = Debug|Any CPU
		{38B8D2B3-BC25-490A-9E36-C30191C93681}.Release|Any CPU.ActiveCfg = Release|Any CPU
		{38B8D2B3-BC25-490A-9E36-C30191C93681}.Release|Any CPU.Build.0 = Release|Any CPU
		{5466C787-C8D6-4580-BF6C-F3EDFC475FD8}.Debug|Any CPU.ActiveCfg = Debug|Any CPU
		{5466C787-C8D6-4580-BF6C-F3EDFC475FD8}.Debug|Any CPU.Build.0 = Debug|Any CPU
		{5466C787-C8D6-4580-BF6C-F3EDFC475FD8}.Release|Any CPU.ActiveCfg = Release|Any CPU
		{5466C787-C8D6-4580-BF6C-F3EDFC475FD8}.Release|Any CPU.Build.0 = Release|Any CPU
		{1C2D5B26-E08A-407C-A025-71DD15F0A452}.Debug|Any CPU.ActiveCfg = Debug|Any CPU
		{1C2D5B26-E08A-407C-A025-71DD15F0A452}.Debug|Any CPU.Build.0 = Debug|Any CPU
		{1C2D5B26-E08A-407C-A025-71DD15F0A452}.Release|Any CPU.ActiveCfg = Release|Any CPU
		{1C2D5B26-E08A-407C-A025-71DD15F0A452}.Release|Any CPU.Build.0 = Release|Any CPU
	EndGlobalSection
	GlobalSection(SolutionProperties) = preSolution
		HideSolutionNode = FALSE
	EndGlobalSection
	GlobalSection(NestedProjects) = preSolution
		{2223BBEF-652A-4DB7-B972-4003B9EC58E6} = {4502DA90-AF70-4EEB-A470-654AD0D8997D}
		{38B8D2B3-BC25-490A-9E36-C30191C93681} = {2223BBEF-652A-4DB7-B972-4003B9EC58E6}
		{E5209067-A8D9-4BF0-A53C-D4AC378E50AE} = {4502DA90-AF70-4EEB-A470-654AD0D8997D}
		{5466C787-C8D6-4580-BF6C-F3EDFC475FD8} = {E5209067-A8D9-4BF0-A53C-D4AC378E50AE}
		{BEE55C9A-5DAF-4277-BE20-E440F9CCE841} = {4502DA90-AF70-4EEB-A470-654AD0D8997D}
		{1C2D5B26-E08A-407C-A025-71DD15F0A452} = {BEE55C9A-5DAF-4277-BE20-E440F9CCE841}
	EndGlobalSection
	GlobalSection(ExtensibilityGlobals) = postSolution
		SolutionGuid = {31E53794-E39B-4A1C-A622-6C5C2D7718FB}
	EndGlobalSection
EndGlobal
