
Microsoft Visual Studio Solution File, Format Version 12.00
# Visual Studio Version 16
VisualStudioVersion = 16.0.30114.105
MinimumVisualStudioVersion = 10.0.40219.1
Project("{2150E333-8FDC-42A3-9474-1A3956D46DE8}") = "Services", "Services", "{4502DA90-AF70-4EEB-A470-654AD0D8997D}"
EndProject
Project("{E53339B2-1760-4266-BCC7-CA923CBCF16C}") = "docker-compose", "docker-compose.dcproj", "{F462C57E-6846-4FDC-80B9-1B47780BA39D}"
EndProject
Project("{2150E333-8FDC-42A3-9474-1A3956D46DE8}") = "ProjectItems", "ProjectItems", "{21DF0010-47ED-4711-826B-AC39A6A962C0}"
	ProjectSection(SolutionItems) = preProject
		.gitignore = .gitignore
		README.md = README.md
	EndProjectSection
EndProject
Project("{9A19103F-16F7-4668-BE54-9A1E7A4F7556}") = "Likr.Posts", "src\Likr.Posts\Likr.Posts.csproj", "{225A5019-544A-490A-956B-208C6115A513}"
EndProject
Project("{9A19103F-16F7-4668-BE54-9A1E7A4F7556}") = "Likr.Comments", "src\Likr.Comments\Likr.Comments.csproj", "{28A19B84-35E0-4160-99E7-2EE9B402B6B2}"
EndProject
Project("{9A19103F-16F7-4668-BE54-9A1E7A4F7556}") = "Likr.Likes", "src\Likr.Likes\Likr.Likes.csproj", "{A66C5E84-9752-4E19-96AC-B8F43959D71D}"
EndProject
Global
	GlobalSection(SolutionConfigurationPlatforms) = preSolution
		Debug|Any CPU = Debug|Any CPU
		Release|Any CPU = Release|Any CPU
	EndGlobalSection
	GlobalSection(ProjectConfigurationPlatforms) = postSolution
		{F462C57E-6846-4FDC-80B9-1B47780BA39D}.Debug|Any CPU.ActiveCfg = Debug|Any CPU
		{F462C57E-6846-4FDC-80B9-1B47780BA39D}.Debug|Any CPU.Build.0 = Debug|Any CPU
		{F462C57E-6846-4FDC-80B9-1B47780BA39D}.Release|Any CPU.ActiveCfg = Release|Any CPU
		{F462C57E-6846-4FDC-80B9-1B47780BA39D}.Release|Any CPU.Build.0 = Release|Any CPU
		{225A5019-544A-490A-956B-208C6115A513}.Debug|Any CPU.ActiveCfg = Debug|Any CPU
		{225A5019-544A-490A-956B-208C6115A513}.Debug|Any CPU.Build.0 = Debug|Any CPU
		{225A5019-544A-490A-956B-208C6115A513}.Release|Any CPU.ActiveCfg = Release|Any CPU
		{225A5019-544A-490A-956B-208C6115A513}.Release|Any CPU.Build.0 = Release|Any CPU
		{28A19B84-35E0-4160-99E7-2EE9B402B6B2}.Debug|Any CPU.ActiveCfg = Debug|Any CPU
		{28A19B84-35E0-4160-99E7-2EE9B402B6B2}.Debug|Any CPU.Build.0 = Debug|Any CPU
		{28A19B84-35E0-4160-99E7-2EE9B402B6B2}.Release|Any CPU.ActiveCfg = Release|Any CPU
		{28A19B84-35E0-4160-99E7-2EE9B402B6B2}.Release|Any CPU.Build.0 = Release|Any CPU
		{A66C5E84-9752-4E19-96AC-B8F43959D71D}.Debug|Any CPU.ActiveCfg = Debug|Any CPU
		{A66C5E84-9752-4E19-96AC-B8F43959D71D}.Debug|Any CPU.Build.0 = Debug|Any CPU
		{A66C5E84-9752-4E19-96AC-B8F43959D71D}.Release|Any CPU.ActiveCfg = Release|Any CPU
		{A66C5E84-9752-4E19-96AC-B8F43959D71D}.Release|Any CPU.Build.0 = Release|Any CPU
	EndGlobalSection
	GlobalSection(SolutionProperties) = preSolution
		HideSolutionNode = FALSE
	EndGlobalSection
	GlobalSection(NestedProjects) = preSolution
		{225A5019-544A-490A-956B-208C6115A513} = {4502DA90-AF70-4EEB-A470-654AD0D8997D}
		{28A19B84-35E0-4160-99E7-2EE9B402B6B2} = {4502DA90-AF70-4EEB-A470-654AD0D8997D}
		{A66C5E84-9752-4E19-96AC-B8F43959D71D} = {4502DA90-AF70-4EEB-A470-654AD0D8997D}
	EndGlobalSection
	GlobalSection(ExtensibilityGlobals) = postSolution
		SolutionGuid = {31E53794-E39B-4A1C-A622-6C5C2D7718FB}
	EndGlobalSection
EndGlobal
